<?xml version="1.0" encoding="utf-8"?>
<Project ToolsVersion="4.0" xmlns="http://schemas.microsoft.com/developer/msbuild/2003">
  <ItemGroup>
    <ClCompile Include="..\SharedClasses\Flag.cpp" />
    <ClCompile Include="..\SharedClasses\GameState.cpp" />
    <ClCompile Include="Client.cpp" />
    <ClCompile Include="..\SharedClasses\Player.cpp" />
    <ClCompile Include="Connection.cpp" />
    <ClCompile Include="PackshotClient.cpp" />
  </ItemGroup>
  <ItemGroup>
    <ClInclude Include="..\SharedClasses\Action.h" />
    <ClInclude Include="..\SharedClasses\Consts.h" />
    <ClInclude Include="..\SharedClasses\GameState.h" />
    <ClInclude Include="..\SharedClasses\Player.h" />
    <ClInclude Include="..\SharedClasses\Position.h" />
    <ClInclude Include="Client.h" />
    <ClInclude Include="Connection.h" />
  </ItemGroup>
  <ItemGroup>
    <Text Include="map.txt" />
  </ItemGroup>
</Project>